
Microsoft Visual Studio Solution File, Format Version 12.00
# Visual Studio Version 16
VisualStudioVersion = 16.0.31205.134
MinimumVisualStudioVersion = 10.0.40219.1
Project("{2150E333-8FDC-42A3-9474-1A3956D46DE8}") = "Application", "Application", "{80FC8C9B-B03D-4158-8742-5AAC071A9A13}"
EndProject
Project("{2150E333-8FDC-42A3-9474-1A3956D46DE8}") = "Domain", "Domain", "{039B18C2-4BD8-4AC2-A98E-EA4CE09A5D8A}"
EndProject
Project("{2150E333-8FDC-42A3-9474-1A3956D46DE8}") = "Infra", "Infra", "{86D20A38-37A2-46DF-8EF2-11EE3F76C9CD}"
EndProject
Project("{2150E333-8FDC-42A3-9474-1A3956D46DE8}") = "Data", "Data", "{C158B59B-7195-4C13-ABF7-2DF4C2FCE097}"
EndProject
Project("{2150E333-8FDC-42A3-9474-1A3956D46DE8}") = "CrossCutting", "CrossCutting", "{89A1B7A7-3F9B-438B-9B4A-731A227FFE55}"
EndProject
Project("{2150E333-8FDC-42A3-9474-1A3956D46DE8}") = "Service", "Service", "{E1FD1456-C197-418F-8E1A-7C2006382238}"
EndProject
Project("{9A19103F-16F7-4668-BE54-9A1E7A4F7556}") = "Data", "Data\Data.csproj", "{68F005A3-ABD5-4AF6-9D3B-36B23F9B476A}"
EndProject
Project("{9A19103F-16F7-4668-BE54-9A1E7A4F7556}") = "Domain", "Domain\Domain.csproj", "{7A56893D-3ED4-42FF-8409-6504B6437FA1}"
EndProject
Project("{9A19103F-16F7-4668-BE54-9A1E7A4F7556}") = "Application", "Application\Application.csproj", "{FC0DC1F8-28D2-4D4C-BF7E-A34BA7972A45}"
EndProject
Project("{9A19103F-16F7-4668-BE54-9A1E7A4F7556}") = "Service", "Service\Service.csproj", "{71585F4A-FD23-443E-96F8-E34DCA7F88FE}"
EndProject
Project("{9A19103F-16F7-4668-BE54-9A1E7A4F7556}") = "CrossCutting", "CrossCutting\CrossCutting.csproj", "{07AB39B5-3173-4E92-BCF4-55330CEDE470}"
	ProjectSection(ProjectDependencies) = postProject
		{7A56893D-3ED4-42FF-8409-6504B6437FA1} = {7A56893D-3ED4-42FF-8409-6504B6437FA1}
		{71585F4A-FD23-443E-96F8-E34DCA7F88FE} = {71585F4A-FD23-443E-96F8-E34DCA7F88FE}
		{68F005A3-ABD5-4AF6-9D3B-36B23F9B476A} = {68F005A3-ABD5-4AF6-9D3B-36B23F9B476A}
	EndProjectSection
EndProject
Global
	GlobalSection(SolutionConfigurationPlatforms) = preSolution
		Debug|Any CPU = Debug|Any CPU
		Release|Any CPU = Release|Any CPU
	EndGlobalSection
	GlobalSection(ProjectConfigurationPlatforms) = postSolution
		{68F005A3-ABD5-4AF6-9D3B-36B23F9B476A}.Debug|Any CPU.ActiveCfg = Debug|Any CPU
		{68F005A3-ABD5-4AF6-9D3B-36B23F9B476A}.Debug|Any CPU.Build.0 = Debug|Any CPU
		{68F005A3-ABD5-4AF6-9D3B-36B23F9B476A}.Release|Any CPU.ActiveCfg = Release|Any CPU
		{68F005A3-ABD5-4AF6-9D3B-36B23F9B476A}.Release|Any CPU.Build.0 = Release|Any CPU
		{7A56893D-3ED4-42FF-8409-6504B6437FA1}.Debug|Any CPU.ActiveCfg = Debug|Any CPU
		{7A56893D-3ED4-42FF-8409-6504B6437FA1}.Debug|Any CPU.Build.0 = Debug|Any CPU
		{7A56893D-3ED4-42FF-8409-6504B6437FA1}.Release|Any CPU.ActiveCfg = Release|Any CPU
		{7A56893D-3ED4-42FF-8409-6504B6437FA1}.Release|Any CPU.Build.0 = Release|Any CPU
		{FC0DC1F8-28D2-4D4C-BF7E-A34BA7972A45}.Debug|Any CPU.ActiveCfg = Debug|Any CPU
		{FC0DC1F8-28D2-4D4C-BF7E-A34BA7972A45}.Debug|Any CPU.Build.0 = Debug|Any CPU
		{FC0DC1F8-28D2-4D4C-BF7E-A34BA7972A45}.Release|Any CPU.ActiveCfg = Release|Any CPU
		{FC0DC1F8-28D2-4D4C-BF7E-A34BA7972A45}.Release|Any CPU.Build.0 = Release|Any CPU
		{71585F4A-FD23-443E-96F8-E34DCA7F88FE}.Debug|Any CPU.ActiveCfg = Debug|Any CPU
		{71585F4A-FD23-443E-96F8-E34DCA7F88FE}.Debug|Any CPU.Build.0 = Debug|Any CPU
		{71585F4A-FD23-443E-96F8-E34DCA7F88FE}.Release|Any CPU.ActiveCfg = Release|Any CPU
		{71585F4A-FD23-443E-96F8-E34DCA7F88FE}.Release|Any CPU.Build.0 = Release|Any CPU
		{07AB39B5-3173-4E92-BCF4-55330CEDE470}.Debug|Any CPU.ActiveCfg = Debug|Any CPU
		{07AB39B5-3173-4E92-BCF4-55330CEDE470}.Debug|Any CPU.Build.0 = Debug|Any CPU
		{07AB39B5-3173-4E92-BCF4-55330CEDE470}.Release|Any CPU.ActiveCfg = Release|Any CPU
		{07AB39B5-3173-4E92-BCF4-55330CEDE470}.Release|Any CPU.Build.0 = Release|Any CPU
	EndGlobalSection
	GlobalSection(SolutionProperties) = preSolution
		HideSolutionNode = FALSE
	EndGlobalSection
	GlobalSection(NestedProjects) = preSolution
		{C158B59B-7195-4C13-ABF7-2DF4C2FCE097} = {86D20A38-37A2-46DF-8EF2-11EE3F76C9CD}
		{89A1B7A7-3F9B-438B-9B4A-731A227FFE55} = {86D20A38-37A2-46DF-8EF2-11EE3F76C9CD}
		{68F005A3-ABD5-4AF6-9D3B-36B23F9B476A} = {C158B59B-7195-4C13-ABF7-2DF4C2FCE097}
		{7A56893D-3ED4-42FF-8409-6504B6437FA1} = {039B18C2-4BD8-4AC2-A98E-EA4CE09A5D8A}
		{FC0DC1F8-28D2-4D4C-BF7E-A34BA7972A45} = {80FC8C9B-B03D-4158-8742-5AAC071A9A13}
		{71585F4A-FD23-443E-96F8-E34DCA7F88FE} = {E1FD1456-C197-418F-8E1A-7C2006382238}
		{07AB39B5-3173-4E92-BCF4-55330CEDE470} = {89A1B7A7-3F9B-438B-9B4A-731A227FFE55}
	EndGlobalSection
	GlobalSection(ExtensibilityGlobals) = postSolution
		SolutionGuid = {2EDDA9F5-6C89-43D5-9CFC-0F657D55DCE2}
	EndGlobalSection
EndGlobal
